
Microsoft Visual Studio Solution File, Format Version 12.00
# Visual Studio Version 16
VisualStudioVersion = 16.0.31624.102
MinimumVisualStudioVersion = 10.0.40219.1
Project("{FAE04EC0-301F-11D3-BF4B-00C04F79EFBC}") = "Team_Let1m_carShop", "Team_Let1m_carShop.csproj", "{5C9A3492-1243-406D-A468-2EA35861A9E6}"
EndProject
Global
	GlobalSection(SolutionConfigurationPlatforms) = preSolution
		Debug|Any CPU = Debug|Any CPU
		Release|Any CPU = Release|Any CPU
	EndGlobalSection
	GlobalSection(ProjectConfigurationPlatforms) = postSolution
		{5C9A3492-1243-406D-A468-2EA35861A9E6}.Debug|Any CPU.ActiveCfg = Debug|Any CPU
		{5C9A3492-1243-406D-A468-2EA35861A9E6}.Debug|Any CPU.Build.0 = Debug|Any CPU
		{5C9A3492-1243-406D-A468-2EA35861A9E6}.Release|Any CPU.ActiveCfg = Release|Any CPU
		{5C9A3492-1243-406D-A468-2EA35861A9E6}.Release|Any CPU.Build.0 = Release|Any CPU
	EndGlobalSection
	GlobalSection(SolutionProperties) = preSolution
		HideSolutionNode = FALSE
	EndGlobalSection
	GlobalSection(ExtensibilityGlobals) = postSolution
		SolutionGuid = {0BE78BE6-CF29-4F29-AC4A-0367CC8C9618}
	EndGlobalSection
EndGlobal
